// !$*UTF8*$!
{
	archiveVersion = 1;
	classes = {
	};
	objectVersion = 50;
	objects = {

/* Begin PBXBuildFile section */
		925FDCAD2622329800D6E4B5 /* AppDelegate.swift in Sources */ = {isa = PBXBuildFile; fileRef = 925FDCAC2622329800D6E4B5 /* AppDelegate.swift */; };
		925FDCB42622329800D6E4B5 /* Main.storyboard in Resources */ = {isa = PBXBuildFile; fileRef = 925FDCB22622329800D6E4B5 /* Main.storyboard */; };
		925FDCB62622329900D6E4B5 /* Assets.xcassets in Resources */ = {isa = PBXBuildFile; fileRef = 925FDCB52622329900D6E4B5 /* Assets.xcassets */; };
		925FDCB92622329900D6E4B5 /* LaunchScreen.storyboard in Resources */ = {isa = PBXBuildFile; fileRef = 925FDCB72622329900D6E4B5 /* LaunchScreen.storyboard */; };
		925FDCC1262232DE00D6E4B5 /* FirstViewController.swift in Sources */ = {isa = PBXBuildFile; fileRef = 925FDCC0262232DE00D6E4B5 /* FirstViewController.swift */; };
		925FDCC3262232EE00D6E4B5 /* SecondViewController.swift in Sources */ = {isa = PBXBuildFile; fileRef = 925FDCC2262232EE00D6E4B5 /* SecondViewController.swift */; };
/* End PBXBuildFile section */

/* Begin PBXFileReference section */
		925FDCA92622329800D6E4B5 /* ViewControllerLifeCycleWithUsingNavigation.app */ = {isa = PBXFileReference; explicitFileType = wrapper.application; includeInIndex = 0; path = ViewControllerLifeCycleWithUsingNavigation.app; sourceTree = BUILT_PRODUCTS_DIR; };
		925FDCAC2622329800D6E4B5 /* AppDelegate.swift */ = {isa = PBXFileReference; lastKnownFileType = sourcecode.swift; path = AppDelegate.swift; sourceTree = "<group>"; };
		925FDCB32622329800D6E4B5 /* Base */ = {isa = PBXFileReference; lastKnownFileType = file.storyboard; name = Base; path = Base.lproj/Main.storyboard; sourceTree = "<group>"; };
		925FDCB52622329900D6E4B5 /* Assets.xcassets */ = {isa = PBXFileReference; lastKnownFileType = folder.assetcatalog; path = Assets.xcassets; sourceTree = "<group>"; };
		925FDCB82622329900D6E4B5 /* Base */ = {isa = PBXFileReference; lastKnownFileType = file.storyboard; name = Base; path = Base.lproj/LaunchScreen.storyboard; sourceTree = "<group>"; };
		925FDCBA2622329900D6E4B5 /* Info.plist */ = {isa = PBXFileReference; lastKnownFileType = text.plist.xml; path = Info.plist; sourceTree = "<group>"; };
		925FDCC0262232DE00D6E4B5 /* FirstViewController.swift */ = {isa = PBXFileReference; lastKnownFileType = sourcecode.swift; path = FirstViewController.swift; sourceTree = "<group>"; };
		925FDCC2262232EE00D6E4B5 /* SecondViewController.swift */ = {isa = PBXFileReference; lastKnownFileType = sourcecode.swift; path = SecondViewController.swift; sourceTree = "<group>"; };
/* End PBXFileReference section */

/* Begin PBXFrameworksBuildPhase section */
		925FDCA62622329800D6E4B5 /* Frameworks */ = {
			isa = PBXFrameworksBuildPhase;
			buildActionMask = 2147483647;
			files = (
			);
			runOnlyForDeploymentPostprocessing = 0;
		};
/* End PBXFrameworksBuildPhase section */

/* Begin PBXGroup section */
		925FDCA02622329800D6E4B5 = {
			isa = PBXGroup;
			children = (
				925FDCAB2622329800D6E4B5 /* ViewControllerLifeCycleWithUsingNavigation */,
				925FDCAA2622329800D6E4B5 /* Products */,
			);
			sourceTree = "<group>";
		};
		925FDCAA2622329800D6E4B5 /* Products */ = {
			isa = PBXGroup;
			children = (
				925FDCA92622329800D6E4B5 /* ViewControllerLifeCycleWithUsingNavigation.app */,
			);
			name = Products;
			sourceTree = "<group>";
		};
		925FDCAB2622329800D6E4B5 /* ViewControllerLifeCycleWithUsingNavigation */ = {
			isa = PBXGroup;
			children = (
				925FDCAC2622329800D6E4B5 /* AppDelegate.swift */,
				925FDCC0262232DE00D6E4B5 /* FirstViewController.swift */,
				925FDCC2262232EE00D6E4B5 /* SecondViewController.swift */,
				925FDCB22622329800D6E4B5 /* Main.storyboard */,
				925FDCB52622329900D6E4B5 /* Assets.xcassets */,
				925FDCB72622329900D6E4B5 /* LaunchScreen.storyboard */,
				925FDCBA2622329900D6E4B5 /* Info.plist */,
			);
			path = ViewControllerLifeCycleWithUsingNavigation;
			sourceTree = "<group>";
		};
/* End PBXGroup section */

/* Begin PBXNativeTarget section */
		925FDCA82622329800D6E4B5 /* ViewControllerLifeCycleWithUsingNavigation */ = {
			isa = PBXNativeTarget;
			buildConfigurationList = 925FDCBD2622329900D6E4B5 /* Build configuration list for PBXNativeTarget "ViewControllerLifeCycleWithUsingNavigation" */;
			buildPhases = (
				925FDCA52622329800D6E4B5 /* Sources */,
				925FDCA62622329800D6E4B5 /* Frameworks */,
				925FDCA72622329800D6E4B5 /* Resources */,
			);
			buildRules = (
			);
			dependencies = (
			);
			name = ViewControllerLifeCycleWithUsingNavigation;
			productName = ViewControllerLifeCycleWithUsingNavigation;
			productReference = 925FDCA92622329800D6E4B5 /* ViewControllerLifeCycleWithUsingNavigation.app */;
			productType = "com.apple.product-type.application";
		};
/* End PBXNativeTarget section */

/* Begin PBXProject section */
		925FDCA12622329800D6E4B5 /* Project object */ = {
			isa = PBXProject;
			attributes = {
				LastSwiftUpdateCheck = 1120;
				LastUpgradeCheck = 1120;
				ORGANIZATIONNAME = Shayla.18;
				TargetAttributes = {
					925FDCA82622329800D6E4B5 = {
						CreatedOnToolsVersion = 11.2;
					};
				};
			};
			buildConfigurationList = 925FDCA42622329800D6E4B5 /* Build configuration list for PBXProject "ViewControllerLifeCycleWithUsingNavigation" */;
			compatibilityVersion = "Xcode 9.3";
			developmentRegion = en;
			hasScannedForEncodings = 0;
			knownRegions = (
				en,
				Base,
			);
			mainGroup = 925FDCA02622329800D6E4B5;
			productRefGroup = 925FDCAA2622329800D6E4B5 /* Products */;
			projectDirPath = "";
			projectRoot = "";
			targets = (
				925FDCA82622329800D6E4B5 /* ViewControllerLifeCycleWithUsingNavigation */,
			);
		};
/* End PBXProject section */

/* Begin PBXResourcesBuildPhase section */
		925FDCA72622329800D6E4B5 /* Resources */ = {
			isa = PBXResourcesBuildPhase;
			buildActionMask = 2147483647;
			files = (
				925FDCB92622329900D6E4B5 /* LaunchScreen.storyboard in Resources */,
				925FDCB62622329900D6E4B5 /* Assets.xcassets in Resources */,
				925FDCB42622329800D6E4B5 /* Main.storyboard in Resources */,
			);
			runOnlyForDeploymentPostprocessing = 0;
		};
/* End PBXResourcesBuildPhase section */

/* Begin PBXSourcesBuildPhase section */
		925FDCA52622329800D6E4B5 /* Sources */ = {
			isa = PBXSourcesBuildPhase;
			buildActionMask = 2147483647;
			files = (
				925FDCC3262232EE00D6E4B5 /* SecondViewController.swift in Sources */,
				925FDCC1262232DE00D6E4B5 /* FirstViewController.swift in Sources */,
				925FDCAD2622329800D6E4B5 /* AppDelegate.swift in Sources */,
			);
			runOnlyForDeploymentPostprocessing = 0;
		};
/* End PBXSourcesBuildPhase section */

/* Begin PBXVariantGroup section */
		925FDCB22622329800D6E4B5 /* Main.storyboard */ = {
			isa = PBXVariantGroup;
			children = (
				925FDCB32622329800D6E4B5 /* Base */,
			);
			name = Main.storyboard;
			sourceTree = "<group>";
		};
		925FDCB72622329900D6E4B5 /* LaunchScreen.storyboard */ = {
			isa = PBXVariantGroup;
			children = (
				925FDCB82622329900D6E4B5 /* Base */,
			);
			name = LaunchScreen.storyboard;
			sourceTree = "<group>";
		};
/* End PBXVariantGroup section */

/* Begin XCBuildConfiguration section */
		925FDCBB2622329900D6E4B5 /* Debug */ = {
			isa = XCBuildConfiguration;
			buildSettings = {
				ALWAYS_SEARCH_USER_PATHS = NO;
				CLANG_ANALYZER_NONNULL = YES;
				CLANG_ANALYZER_NUMBER_OBJECT_CONVERSION = YES_AGGRESSIVE;
				CLANG_CXX_LANGUAGE_STANDARD = "gnu++14";
				CLANG_CXX_LIBRARY = "libc++";
				CLANG_ENABLE_MODULES = YES;
				CLANG_ENABLE_OBJC_ARC = YES;
				CLANG_ENABLE_OBJC_WEAK = YES;
				CLANG_WARN_BLOCK_CAPTURE_AUTORELEASING = YES;
				CLANG_WARN_BOOL_CONVERSION = YES;
				CLANG_WARN_COMMA = YES;
				CLANG_WARN_CONSTANT_CONVERSION = YES;
				CLANG_WARN_DEPRECATED_OBJC_IMPLEMENTATIONS = YES;
				CLANG_WARN_DIRECT_OBJC_ISA_USAGE = YES_ERROR;
				CLANG_WARN_DOCUMENTATION_COMMENTS = YES;
				CLANG_WARN_EMPTY_BODY = YES;
				CLANG_WARN_ENUM_CONVERSION = YES;
				CLANG_WARN_INFINITE_RECURSION = YES;
				CLANG_WARN_INT_CONVERSION = YES;
				CLANG_WARN_NON_LITERAL_NULL_CONVERSION = YES;
				CLANG_WARN_OBJC_IMPLICIT_RETAIN_SELF = YES;
				CLANG_WARN_OBJC_LITERAL_CONVERSION = YES;
				CLANG_WARN_OBJC_ROOT_CLASS = YES_ERROR;
				CLANG_WARN_RANGE_LOOP_ANALYSIS = YES;
				CLANG_WARN_STRICT_PROTOTYPES = YES;
				CLANG_WARN_SUSPICIOUS_MOVE = YES;
				CLANG_WARN_UNGUARDED_AVAILABILITY = YES_AGGRESSIVE;
				CLANG_WARN_UNREACHABLE_CODE = YES;
				CLANG_WARN__DUPLICATE_METHOD_MATCH = YES;
				COPY_PHASE_STRIP = NO;
				DEBUG_INFORMATION_FORMAT = dwarf;
				ENABLE_STRICT_OBJC_MSGSEND = YES;
				ENABLE_TESTABILITY = YES;
				GCC_C_LANGUAGE_STANDARD = gnu11;
				GCC_DYNAMIC_NO_PIC = NO;
				GCC_NO_COMMON_BLOCKS = YES;
				GCC_OPTIMIZATION_LEVEL = 0;
				GCC_PREPROCESSOR_DEFINITIONS = (
					"DEBUG=1",
					"$(inherited)",
				);
				GCC_WARN_64_TO_32_BIT_CONVERSION = YES;
				GCC_WARN_ABOUT_RETURN_TYPE = YES_ERROR;
				GCC_WARN_UNDECLARED_SELECTOR = YES;
				GCC_WARN_UNINITIALIZED_AUTOS = YES_AGGRESSIVE;
				GCC_WARN_UNUSED_FUNCTION = YES;
				GCC_WARN_UNUSED_VARIABLE = YES;
				IPHONEOS_DEPLOYMENT_TARGET = 13.2;
				MTL_ENABLE_DEBUG_INFO = INCLUDE_SOURCE;
				MTL_FAST_MATH = YES;
				ONLY_ACTIVE_ARCH = YES;
				SDKROOT = iphoneos;
				SWIFT_ACTIVE_COMPILATION_CONDITIONS = DEBUG;
				SWIFT_OPTIMIZATION_LEVEL = "-Onone";
			};
			name = Debug;
		};
		925FDCBC2622329900D6E4B5 /* Release */ = {
			isa = XCBuildConfiguration;
			buildSettings = {
				ALWAYS_SEARCH_USER_PATHS = NO;
				CLANG_ANALYZER_NONNULL = YES;
				CLANG_ANALYZER_NUMBER_OBJECT_CONVERSION = YES_AGGRESSIVE;
				CLANG_CXX_LANGUAGE_STANDARD = "gnu++14";
				CLANG_CXX_LIBRARY = "libc++";
				CLANG_ENABLE_MODULES = YES;
				CLANG_ENABLE_OBJC_ARC = YES;
				CLANG_ENABLE_OBJC_WEAK = YES;
				CLANG_WARN_BLOCK_CAPTURE_AUTORELEASING = YES;
				CLANG_WARN_BOOL_CONVERSION = YES;
				CLANG_WARN_COMMA = YES;
				CLANG_WARN_CONSTANT_CONVERSION = YES;
				CLANG_WARN_DEPRECATED_OBJC_IMPLEMENTATIONS = YES;
				CLANG_WARN_DIRECT_OBJC_ISA_USAGE = YES_ERROR;
				CLANG_WARN_DOCUMENTATION_COMMENTS = YES;
				CLANG_WARN_EMPTY_BODY = YES;
				CLANG_WARN_ENUM_CONVERSION = YES;
				CLANG_WARN_INFINITE_RECURSION = YES;
				CLANG_WARN_INT_CONVERSION = YES;
				CLANG_WARN_NON_LITERAL_NULL_CONVERSION = YES;
				CLANG_WARN_OBJC_IMPLICIT_RETAIN_SELF = YES;
				CLANG_WARN_OBJC_LITERAL_CONVERSION = YES;
				CLANG_WARN_OBJC_ROOT_CLASS = YES_ERROR;
				CLANG_WARN_RANGE_LOOP_ANALYSIS = YES;
				CLANG_WARN_STRICT_PROTOTYPES = YES;
				CLANG_WARN_SUSPICIOUS_MOVE = YES;
				CLANG_WARN_UNGUARDED_AVAILABILITY = YES_AGGRESSIVE;
				CLANG_WARN_UNREACHABLE_CODE = YES;
				CLANG_WARN__DUPLICATE_METHOD_MATCH = YES;
				COPY_PHASE_STRIP = NO;
				DEBUG_INFORMATION_FORMAT = "dwarf-with-dsym";
				ENABLE_NS_ASSERTIONS = NO;
				ENABLE_STRICT_OBJC_MSGSEND = YES;
				GCC_C_LANGUAGE_STANDARD = gnu11;
				GCC_NO_COMMON_BLOCKS = YES;
				GCC_WARN_64_TO_32_BIT_CONVERSION = YES;
				GCC_WARN_ABOUT_RETURN_TYPE = YES_ERROR;
				GCC_WARN_UNDECLARED_SELECTOR = YES;
				GCC_WARN_UNINITIALIZED_AUTOS = YES_AGGRESSIVE;
				GCC_WARN_UNUSED_FUNCTION = YES;
				GCC_WARN_UNUSED_VARIABLE = YES;
				IPHONEOS_DEPLOYMENT_TARGET = 13.2;
				MTL_ENABLE_DEBUG_INFO = NO;
				MTL_FAST_MATH = YES;
				SDKROOT = iphoneos;
				SWIFT_COMPILATION_MODE = wholemodule;
				SWIFT_OPTIMIZATION_LEVEL = "-O";
				VALIDATE_PRODUCT = YES;
			};
			name = Release;
		};
		925FDCBE2622329900D6E4B5 /* Debug */ = {
			isa = XCBuildConfiguration;
			buildSettings = {
				ASSETCATALOG_COMPILER_APPICON_NAME = AppIcon;
				CODE_SIGN_STYLE = Automatic;
				INFOPLIST_FILE = ViewControllerLifeCycleWithUsingNavigation/Info.plist;
				LD_RUNPATH_SEARCH_PATHS = (
					"$(inherited)",
					"@executable_path/Frameworks",
				);
				PRODUCT_BUNDLE_IDENTIFIER = com.shayla.ViewControllerLifeCycleWithUsingNavigation;
				PRODUCT_NAME = "$(TARGET_NAME)";
				SWIFT_VERSION = 5.0;
				TARGETED_DEVICE_FAMILY = "1,2";
			};
			name = Debug;
		};
		925FDCBF2622329900D6E4B5 /* Release */ = {
			isa = XCBuildConfiguration;
			buildSettings = {
				ASSETCATALOG_COMPILER_APPICON_NAME = AppIcon;
				CODE_SIGN_STYLE = Automatic;
				INFOPLIST_FILE = ViewControllerLifeCycleWithUsingNavigation/Info.plist;
				LD_RUNPATH_SEARCH_PATHS = (
					"$(inherited)",
					"@executable_path/Frameworks",
				);
				PRODUCT_BUNDLE_IDENTIFIER = com.shayla.ViewControllerLifeCycleWithUsingNavigation;
				PRODUCT_NAME = "$(TARGET_NAME)";
				SWIFT_VERSION = 5.0;
				TARGETED_DEVICE_FAMILY = "1,2";
			};
			name = Release;
		};
/* End XCBuildConfiguration section */

/* Begin XCConfigurationList section */
		925FDCA42622329800D6E4B5 /* Build configuration list for PBXProject "ViewControllerLifeCycleWithUsingNavigation" */ = {
			isa = XCConfigurationList;
			buildConfigurations = (
				925FDCBB2622329900D6E4B5 /* Debug */,
				925FDCBC2622329900D6E4B5 /* Release */,
			);
			defaultConfigurationIsVisible = 0;
			defaultConfigurationName = Release;
		};
		925FDCBD2622329900D6E4B5 /* Build configuration list for PBXNativeTarget "ViewControllerLifeCycleWithUsingNavigation" */ = {
			isa = XCConfigurationList;
			buildConfigurations = (
				925FDCBE2622329900D6E4B5 /* Debug */,
				925FDCBF2622329900D6E4B5 /* Release */,
			);
			defaultConfigurationIsVisible = 0;
			defaultConfigurationName = Release;
		};
/* End XCConfigurationList section */
	};
	rootObject = 925FDCA12622329800D6E4B5 /* Project object */;
}
